
Microsoft Visual Studio Solution File, Format Version 12.00
Project("{FAE04EC0-301F-11D3-BF4B-00C04F79EFBC}") = "TPlusTest", "TPlusTest\TPlusTest.csproj", "{EF6DFF75-9CCC-4BF7-962E-C7B22E4A296D}"
EndProject
Global
	GlobalSection(SolutionConfigurationPlatforms) = preSolution
		Debug|Any CPU = Debug|Any CPU
		Release|Any CPU = Release|Any CPU
	EndGlobalSection
	GlobalSection(ProjectConfigurationPlatforms) = postSolution
		{EF6DFF75-9CCC-4BF7-962E-C7B22E4A296D}.Debug|Any CPU.ActiveCfg = Debug|Any CPU
		{EF6DFF75-9CCC-4BF7-962E-C7B22E4A296D}.Debug|Any CPU.Build.0 = Debug|Any CPU
		{EF6DFF75-9CCC-4BF7-962E-C7B22E4A296D}.Release|Any CPU.ActiveCfg = Release|Any CPU
		{EF6DFF75-9CCC-4BF7-962E-C7B22E4A296D}.Release|Any CPU.Build.0 = Release|Any CPU
	EndGlobalSection
EndGlobal
